
Microsoft Visual Studio Solution File, Format Version 12.00
# Visual Studio Version 17
VisualStudioVersion = 17.5.002.0
MinimumVisualStudioVersion = 10.0.40219.1
Project("{9A19103F-16F7-4668-BE54-9A1E7A4F7556}") = "PrintService", "PrintService\PrintService.csproj", "{9FFEED35-A439-4740-B8BD-EB3E7420A282}"
EndProject
Global
	GlobalSection(SolutionConfigurationPlatforms) = preSolution
		Debug|Any CPU = Debug|Any CPU
		Release|Any CPU = Release|Any CPU
	EndGlobalSection
	GlobalSection(ProjectConfigurationPlatforms) = postSolution
		{9FFEED35-A439-4740-B8BD-EB3E7420A282}.Debug|Any CPU.ActiveCfg = Debug|Any CPU
		{9FFEED35-A439-4740-B8BD-EB3E7420A282}.Debug|Any CPU.Build.0 = Debug|Any CPU
		{9FFEED35-A439-4740-B8BD-EB3E7420A282}.Release|Any CPU.ActiveCfg = Release|Any CPU
		{9FFEED35-A439-4740-B8BD-EB3E7420A282}.Release|Any CPU.Build.0 = Release|Any CPU
	EndGlobalSection
	GlobalSection(SolutionProperties) = preSolution
		HideSolutionNode = FALSE
	EndGlobalSection
	GlobalSection(ExtensibilityGlobals) = postSolution
		SolutionGuid = {AF1C64EB-1396-4B2F-AE05-B1DF5E9290A4}
	EndGlobalSection
EndGlobal
